
Microsoft Visual Studio Solution File, Format Version 12.00
# Visual Studio Version 17
VisualStudioVersion = 17.7.34221.43
MinimumVisualStudioVersion = 10.0.40219.1
Project("{FAE04EC0-301F-11D3-BF4B-00C04F79EFBC}") = "JogoDaForca", "JogoDaForca\JogoDaForca.csproj", "{DAE2F245-2A6C-40BC-B85A-86F0C8DA2D87}"
EndProject
Global
	GlobalSection(SolutionConfigurationPlatforms) = preSolution
		Debug|Any CPU = Debug|Any CPU
		Release|Any CPU = Release|Any CPU
	EndGlobalSection
	GlobalSection(ProjectConfigurationPlatforms) = postSolution
		{DAE2F245-2A6C-40BC-B85A-86F0C8DA2D87}.Debug|Any CPU.ActiveCfg = Debug|Any CPU
		{DAE2F245-2A6C-40BC-B85A-86F0C8DA2D87}.Debug|Any CPU.Build.0 = Debug|Any CPU
		{DAE2F245-2A6C-40BC-B85A-86F0C8DA2D87}.Release|Any CPU.ActiveCfg = Release|Any CPU
		{DAE2F245-2A6C-40BC-B85A-86F0C8DA2D87}.Release|Any CPU.Build.0 = Release|Any CPU
	EndGlobalSection
	GlobalSection(SolutionProperties) = preSolution
		HideSolutionNode = FALSE
	EndGlobalSection
	GlobalSection(ExtensibilityGlobals) = postSolution
		SolutionGuid = {9FA29F7C-879E-4EB6-B336-CDB470AC9D84}
	EndGlobalSection
EndGlobal
